<?xml version="1.0" encoding="utf-8"?>
<Project ToolsVersion="4.0" xmlns="http://schemas.microsoft.com/developer/msbuild/2003">
  <ItemGroup>
    <ClCompile Include="snPlayScene.cpp">
      <Filter>Scene</Filter>
    </ClCompile>
    <ClCompile Include="SnowEngine.cpp" />
    <ClCompile Include="snGridScript.cpp">
      <Filter>Script</Filter>
    </ClCompile>
    <ClCompile Include="snDungeon.cpp">
      <Filter>Scene\Dungeon</Filter>
    </ClCompile>
    <ClCompile Include="snDungeonBoss.cpp">
      <Filter>Scene\Dungeon\Boss</Filter>
    </ClCompile>
    <ClCompile Include="snDungeonEntrance.cpp">
      <Filter>Scene\Dungeon\DungeonEntrance</Filter>
    </ClCompile>
    <ClCompile Include="snDungeonScene01.cpp">
      <Filter>Scene\Dungeon\Dungeon01</Filter>
    </ClCompile>
    <ClCompile Include="snDungeonScene02.cpp">
      <Filter>Scene\Dungeon\Dungeon02</Filter>
    </ClCompile>
    <ClCompile Include="snDungeonScene03.cpp">
      <Filter>Scene\Dungeon\Dungeon03</Filter>
    </ClCompile>
    <ClCompile Include="snShopScene.cpp">
      <Filter>Scene\Shop</Filter>
    </ClCompile>
    <ClCompile Include="snTitleScene.cpp">
      <Filter>Scene\Title</Filter>
    </ClCompile>
    <ClCompile Include="snVillageScene.cpp">
      <Filter>Scene\Village</Filter>
    </ClCompile>
    <ClCompile Include="snPlayerMove.cpp">
      <Filter>Script\Player\PlayerMove</Filter>
    </ClCompile>
    <ClCompile Include="snPlayerFSM.cpp">
      <Filter>Script\Player\PlayeFSM</Filter>
    </ClCompile>
    <ClCompile Include="snPlayerState.cpp">
      <Filter>Script\Player\PlayeFSM</Filter>
    </ClCompile>
    <ClCompile Include="snRollState.cpp">
      <Filter>Script\Player\PlayeFSM\ROLL</Filter>
    </ClCompile>
    <ClCompile Include="snMoveState.cpp">
      <Filter>Script\Player\PlayeFSM\MOVE</Filter>
    </ClCompile>
    <ClCompile Include="snIdleState.cpp">
      <Filter>Script\Player\PlayeFSM\IDLE</Filter>
    </ClCompile>
    <ClCompile Include="snSwordState1.cpp">
      <Filter>Script\Player\PlayeFSM\SWORD</Filter>
    </ClCompile>
    <ClCompile Include="snSwordState2.cpp">
      <Filter>Script\Player\PlayeFSM\SWORD</Filter>
    </ClCompile>
    <ClCompile Include="snSwordState3.cpp">
      <Filter>Script\Player\PlayeFSM\SWORD</Filter>
    </ClCompile>
    <ClCompile Include="snBowState.cpp">
      <Filter>Script\Player\PlayeFSM\BOW</Filter>
    </ClCompile>
    <ClCompile Include="MazeMaker.cpp">
      <Filter>Manager</Filter>
    </ClCompile>
    <ClCompile Include="snCameraScript.cpp">
      <Filter>Script\Camera</Filter>
    </ClCompile>
    <ClCompile Include="snDungeonCamera.cpp">
      <Filter>Script\Camera</Filter>
    </ClCompile>
    <ClCompile Include="snDungeonDoor.cpp">
      <Filter>Script\Dungeon\Door</Filter>
    </ClCompile>
    <ClCompile Include="MonsterIdle.cpp">
      <Filter>Script\Monster\AI\State\Idle</Filter>
    </ClCompile>
    <ClCompile Include="MonsterTrace.cpp">
      <Filter>Script\Monster\AI\State\Trace</Filter>
    </ClCompile>
    <ClCompile Include="Monster.cpp">
      <Filter>Script\Monster</Filter>
    </ClCompile>
    <ClCompile Include="MonFactory.cpp">
      <Filter>Script\Monster\MonFactory</Filter>
    </ClCompile>
    <ClCompile Include="Golem.cpp">
      <Filter>Script\Monster\Monster\Golem</Filter>
    </ClCompile>
    <ClCompile Include="MonsterAttack.cpp">
      <Filter>Script\Monster\AI\State\Attack</Filter>
    </ClCompile>
    <ClCompile Include="DungeonMapManager.cpp" />
    <ClCompile Include="MiniSlime.cpp">
      <Filter>Script\Monster\Monster\MiniSlime</Filter>
    </ClCompile>
    <ClCompile Include="Slime.cpp">
      <Filter>Script\Monster\Monster\Slime</Filter>
    </ClCompile>
    <ClCompile Include="SlimeAttack.cpp">
      <Filter>Script\Monster\AI\State\Attack\SlimeAttack</Filter>
    </ClCompile>
    <ClCompile Include="FylingRepairGolem.cpp">
      <Filter>Script\Monster\Monster\FylingRepairGolem</Filter>
    </ClCompile>
    <ClCompile Include="GolemTurretBroken.cpp">
      <Filter>Script\Monster\Monster\GolemTurretBroken</Filter>
    </ClCompile>
    <ClCompile Include="TurretBrokenAttack.cpp">
      <Filter>Script\Monster\AI\State\Attack\TurretBrokenAttack</Filter>
    </ClCompile>
    <ClCompile Include="Projectile.cpp">
      <Filter>Script\Projectile</Filter>
    </ClCompile>
    <ClCompile Include="GolemTurret.cpp">
      <Filter>Script\Monster\Monster\GolemTurret</Filter>
    </ClCompile>
    <ClCompile Include="TurretAttack.cpp">
      <Filter>Script\Monster\AI\State\Attack\TurretAttack</Filter>
    </ClCompile>
    <ClCompile Include="SlimeHermit.cpp">
      <Filter>Script\Monster\Monster\SlimeHermit</Filter>
    </ClCompile>
    <ClCompile Include="snPlayer.cpp" />
    <ClCompile Include="HitEffect.cpp">
      <Filter>Script\Monster\HitEffect</Filter>
    </ClCompile>
    <ClCompile Include="MonsterHPBar.cpp">
      <Filter>Script\Component\HPBar</Filter>
    </ClCompile>
    <ClCompile Include="GolemMiniBoss.cpp">
      <Filter>Script\Monster\Monster\GolemMiniBoss</Filter>
    </ClCompile>
    <ClCompile Include="MiniBossHPBar.cpp">
      <Filter>Script\Component\MiniBossHPBar</Filter>
    </ClCompile>
    <ClCompile Include="GolemSmashWave.cpp">
      <Filter>Script\Monster\Monster\GolemMiniBoss\GolemSmashWave</Filter>
    </ClCompile>
    <ClCompile Include="PlayerHP.cpp">
      <Filter>Script\Player\PlayerHP</Filter>
    </ClCompile>
  </ItemGroup>
  <ItemGroup>
    <ClInclude Include="framework.h" />
    <ClInclude Include="snPlayScene.h">
      <Filter>Scene</Filter>
    </ClInclude>
    <ClInclude Include="LoadScenes.h">
      <Filter>Load</Filter>
    </ClInclude>
    <ClInclude Include="snGridScript.h">
      <Filter>Script</Filter>
    </ClInclude>
    <ClInclude Include="snDungeon.h">
      <Filter>Scene\Dungeon</Filter>
    </ClInclude>
    <ClInclude Include="snDungeonBoss.h">
      <Filter>Scene\Dungeon\Boss</Filter>
    </ClInclude>
    <ClInclude Include="snDungeonEntrance.h">
      <Filter>Scene\Dungeon\DungeonEntrance</Filter>
    </ClInclude>
    <ClInclude Include="snDungeonScene01.h">
      <Filter>Scene\Dungeon\Dungeon01</Filter>
    </ClInclude>
    <ClInclude Include="snDungeonScene02.h">
      <Filter>Scene\Dungeon\Dungeon02</Filter>
    </ClInclude>
    <ClInclude Include="snDungeonScene03.h">
      <Filter>Scene\Dungeon\Dungeon03</Filter>
    </ClInclude>
    <ClInclude Include="snShopScene.h">
      <Filter>Scene\Shop</Filter>
    </ClInclude>
    <ClInclude Include="snTitleScene.h">
      <Filter>Scene\Title</Filter>
    </ClInclude>
    <ClInclude Include="snVillageScene.h">
      <Filter>Scene\Village</Filter>
    </ClInclude>
    <ClInclude Include="snPlayerMove.h">
      <Filter>Script\Player\PlayerMove</Filter>
    </ClInclude>
    <ClInclude Include="snPlayerFSM.h">
      <Filter>Script\Player\PlayeFSM</Filter>
    </ClInclude>
    <ClInclude Include="snPlayerState.h">
      <Filter>Script\Player\PlayeFSM</Filter>
    </ClInclude>
    <ClInclude Include="snRollState.h">
      <Filter>Script\Player\PlayeFSM\ROLL</Filter>
    </ClInclude>
    <ClInclude Include="snMoveState.h">
      <Filter>Script\Player\PlayeFSM\MOVE</Filter>
    </ClInclude>
    <ClInclude Include="snIdleState.h">
      <Filter>Script\Player\PlayeFSM\IDLE</Filter>
    </ClInclude>
    <ClInclude Include="snSwordState1.h">
      <Filter>Script\Player\PlayeFSM\SWORD</Filter>
    </ClInclude>
    <ClInclude Include="snSwordState2.h">
      <Filter>Script\Player\PlayeFSM\SWORD</Filter>
    </ClInclude>
    <ClInclude Include="snSwordState3.h">
      <Filter>Script\Player\PlayeFSM\SWORD</Filter>
    </ClInclude>
    <ClInclude Include="snBowState.h">
      <Filter>Script\Player\PlayeFSM\BOW</Filter>
    </ClInclude>
    <ClInclude Include="MazeMaker.h">
      <Filter>Manager</Filter>
    </ClInclude>
    <ClInclude Include="snCameraScript.h">
      <Filter>Script\Camera</Filter>
    </ClInclude>
    <ClInclude Include="snDungeonCamera.h">
      <Filter>Script\Camera</Filter>
    </ClInclude>
    <ClInclude Include="snDungeonDoor.h">
      <Filter>Script\Dungeon\Door</Filter>
    </ClInclude>
    <ClInclude Include="MonsterIdle.h">
      <Filter>Script\Monster\AI\State\Idle</Filter>
    </ClInclude>
    <ClInclude Include="MonsterTrace.h">
      <Filter>Script\Monster\AI\State\Trace</Filter>
    </ClInclude>
    <ClInclude Include="Monster.h">
      <Filter>Script\Monster</Filter>
    </ClInclude>
    <ClInclude Include="MonFactory.h">
      <Filter>Script\Monster\MonFactory</Filter>
    </ClInclude>
    <ClInclude Include="Golem.h">
      <Filter>Script\Monster\Monster\Golem</Filter>
    </ClInclude>
    <ClInclude Include="MonsterAttack.h">
      <Filter>Script\Monster\AI\State\Attack</Filter>
    </ClInclude>
    <ClInclude Include="DungeonMapManager.h" />
    <ClInclude Include="MiniSlime.h">
      <Filter>Script\Monster\Monster\MiniSlime</Filter>
    </ClInclude>
    <ClInclude Include="Slime.h">
      <Filter>Script\Monster\Monster\Slime</Filter>
    </ClInclude>
    <ClInclude Include="SlimeAttack.h">
      <Filter>Script\Monster\AI\State\Attack\SlimeAttack</Filter>
    </ClInclude>
    <ClInclude Include="FylingRepairGolem.h">
      <Filter>Script\Monster\Monster\FylingRepairGolem</Filter>
    </ClInclude>
    <ClInclude Include="GolemTurretBroken.h">
      <Filter>Script\Monster\Monster\GolemTurretBroken</Filter>
    </ClInclude>
    <ClInclude Include="TurretBrokenAttack.h">
      <Filter>Script\Monster\AI\State\Attack\TurretBrokenAttack</Filter>
    </ClInclude>
    <ClInclude Include="Projectile.h">
      <Filter>Script\Projectile</Filter>
    </ClInclude>
    <ClInclude Include="GolemTurret.h">
      <Filter>Script\Monster\Monster\GolemTurret</Filter>
    </ClInclude>
    <ClInclude Include="TurretAttack.h">
      <Filter>Script\Monster\AI\State\Attack\TurretAttack</Filter>
    </ClInclude>
    <ClInclude Include="SlimeHermit.h">
      <Filter>Script\Monster\Monster\SlimeHermit</Filter>
    </ClInclude>
    <ClInclude Include="snPlayer.h" />
    <ClInclude Include="HitEffect.h">
      <Filter>Script\Monster\HitEffect</Filter>
    </ClInclude>
    <ClInclude Include="MonsterHPBar.h">
      <Filter>Script\Component\HPBar</Filter>
    </ClInclude>
    <ClInclude Include="GolemMiniBoss.h">
      <Filter>Script\Monster\Monster\GolemMiniBoss</Filter>
    </ClInclude>
    <ClInclude Include="MiniBossHPBar.h">
      <Filter>Script\Component\MiniBossHPBar</Filter>
    </ClInclude>
    <ClInclude Include="GolemSmashWave.h">
      <Filter>Script\Monster\Monster\GolemMiniBoss\GolemSmashWave</Filter>
    </ClInclude>
    <ClInclude Include="PlayerHP.h">
      <Filter>Script\Player\PlayerHP</Filter>
    </ClInclude>
  </ItemGroup>
  <ItemGroup>
    <Filter Include="Load">
      <UniqueIdentifier>{a9206780-e198-4ab7-b2c1-c3e28b19a084}</UniqueIdentifier>
    </Filter>
    <Filter Include="Scene">
      <UniqueIdentifier>{6e773809-e944-481d-b729-4078583095ae}</UniqueIdentifier>
    </Filter>
    <Filter Include="Script">
      <UniqueIdentifier>{b3fcc8aa-7452-4e05-ba0c-161bff2af79c}</UniqueIdentifier>
    </Filter>
    <Filter Include="Scene\Dungeon">
      <UniqueIdentifier>{97df85d2-9afb-4d61-970c-1d3799fe7ca9}</UniqueIdentifier>
    </Filter>
    <Filter Include="Scene\Shop">
      <UniqueIdentifier>{7a9c4a44-a594-4d66-a6ca-6c3bac4c5c67}</UniqueIdentifier>
    </Filter>
    <Filter Include="Scene\Title">
      <UniqueIdentifier>{0d05b0db-a5a3-442a-95fe-c0b14c316208}</UniqueIdentifier>
    </Filter>
    <Filter Include="Scene\Village">
      <UniqueIdentifier>{b24de852-73fa-4e29-807c-7b5b3eee5351}</UniqueIdentifier>
    </Filter>
    <Filter Include="Scene\Dungeon\Boss">
      <UniqueIdentifier>{18995d5d-359e-4c57-9db8-77eb0a1f86b8}</UniqueIdentifier>
    </Filter>
    <Filter Include="Scene\Dungeon\Dungeon01">
      <UniqueIdentifier>{a840ac63-2852-4127-92d0-3c35a98e84bb}</UniqueIdentifier>
    </Filter>
    <Filter Include="Scene\Dungeon\Dungeon02">
      <UniqueIdentifier>{239be687-237b-421a-972e-28b179ca8e5a}</UniqueIdentifier>
    </Filter>
    <Filter Include="Scene\Dungeon\Dungeon03">
      <UniqueIdentifier>{ff3cdc7f-9b67-429e-bbb2-0b9919b16bc1}</UniqueIdentifier>
    </Filter>
    <Filter Include="Scene\Dungeon\DungeonEntrance">
      <UniqueIdentifier>{6d9ee0f9-60a3-43f4-9380-b34b1ee83087}</UniqueIdentifier>
    </Filter>
    <Filter Include="Script\Player">
      <UniqueIdentifier>{722d3a61-020b-417c-bcb8-d12e08657f30}</UniqueIdentifier>
    </Filter>
    <Filter Include="Script\Player\PlayerMove">
      <UniqueIdentifier>{f492b74f-013a-4d06-a46d-efa84b93c95d}</UniqueIdentifier>
    </Filter>
    <Filter Include="Script\Player\PlayeFSM">
      <UniqueIdentifier>{fae215e8-cbee-47e8-a310-71393603b159}</UniqueIdentifier>
    </Filter>
    <Filter Include="Script\Player\PlayeFSM\IDLE">
      <UniqueIdentifier>{b025071f-b198-45f9-b53f-2d017ca3ebab}</UniqueIdentifier>
    </Filter>
    <Filter Include="Script\Player\PlayeFSM\MOVE">
      <UniqueIdentifier>{947b745b-cbad-4258-94e0-059e3b459f32}</UniqueIdentifier>
    </Filter>
    <Filter Include="Script\Player\PlayeFSM\ROLL">
      <UniqueIdentifier>{c2d18be1-4bd7-4d52-ac3a-7aadfc5339ce}</UniqueIdentifier>
    </Filter>
    <Filter Include="Script\Player\PlayeFSM\SWORD">
      <UniqueIdentifier>{8b2303a6-29df-420b-93b3-33f3f7e0bdcb}</UniqueIdentifier>
    </Filter>
    <Filter Include="Script\Player\PlayeFSM\BOW">
      <UniqueIdentifier>{046f85cf-cfeb-4bab-8d7f-7f3f8f4012dc}</UniqueIdentifier>
    </Filter>
    <Filter Include="Manager">
      <UniqueIdentifier>{ddf701db-c0f1-43d4-a097-cb72df767f33}</UniqueIdentifier>
    </Filter>
    <Filter Include="Script\Camera">
      <UniqueIdentifier>{3af212a9-c3be-44db-905a-39b0d25646d1}</UniqueIdentifier>
    </Filter>
    <Filter Include="Script\Dungeon">
      <UniqueIdentifier>{65894676-0e83-4501-9c02-9052af2bb608}</UniqueIdentifier>
    </Filter>
    <Filter Include="Script\Dungeon\Door">
      <UniqueIdentifier>{a00dca06-573e-4319-8b83-78b1e314c791}</UniqueIdentifier>
    </Filter>
    <Filter Include="Script\Monster">
      <UniqueIdentifier>{4cd6dd08-4f83-422d-bc54-c01e1b7c0c89}</UniqueIdentifier>
    </Filter>
    <Filter Include="Script\Monster\AI">
      <UniqueIdentifier>{84161598-0c3b-47d8-92d4-36639409fcc0}</UniqueIdentifier>
    </Filter>
    <Filter Include="Script\Monster\AI\State">
      <UniqueIdentifier>{585ca59d-655c-4d3b-804c-8f0706d0ddf9}</UniqueIdentifier>
    </Filter>
    <Filter Include="Script\Monster\AI\State\Attack">
      <UniqueIdentifier>{7da6288f-2dd1-49d5-9560-4559e2ba5fe9}</UniqueIdentifier>
    </Filter>
    <Filter Include="Script\Monster\AI\State\Dead">
      <UniqueIdentifier>{a7d762b4-97b0-43c4-a75b-c3b23da16033}</UniqueIdentifier>
    </Filter>
    <Filter Include="Script\Monster\AI\State\Idle">
      <UniqueIdentifier>{21feabe3-86cb-4884-abc8-df85a0a3667f}</UniqueIdentifier>
    </Filter>
    <Filter Include="Script\Monster\AI\State\Trace">
      <UniqueIdentifier>{b7edc937-d920-474b-b57e-1535cbf204eb}</UniqueIdentifier>
    </Filter>
    <Filter Include="Script\Monster\MonFactory">
      <UniqueIdentifier>{3420fedb-b472-443e-b667-90eafcd9b026}</UniqueIdentifier>
    </Filter>
    <Filter Include="Script\Dungeon\Map">
      <UniqueIdentifier>{7143b149-6d21-4734-b357-855fef2d1d29}</UniqueIdentifier>
    </Filter>
    <Filter Include="Script\Monster\AI\State\Attack\SlimeAttack">
      <UniqueIdentifier>{cf8de651-4f23-42b3-a5ec-9af9c6ee1a43}</UniqueIdentifier>
    </Filter>
    <Filter Include="Script\Projectile">
      <UniqueIdentifier>{db86c0e8-8cc1-4ffb-a2cf-09b385e48350}</UniqueIdentifier>
    </Filter>
    <Filter Include="Script\Monster\AI\State\Attack\TurretBrokenAttack">
      <UniqueIdentifier>{be7f7ba2-962b-45f5-a941-201e7199c5f4}</UniqueIdentifier>
    </Filter>
    <Filter Include="Script\Monster\AI\State\Attack\TurretAttack">
      <UniqueIdentifier>{f927fc74-5b58-4861-a97d-2dbb457aed12}</UniqueIdentifier>
    </Filter>
    <Filter Include="Script\Monster\HitEffect">
      <UniqueIdentifier>{bec1e048-c301-4cf7-9e3e-773e67cde09f}</UniqueIdentifier>
    </Filter>
    <Filter Include="Script\Component">
      <UniqueIdentifier>{faf46cde-71cf-4d06-a8ee-7dfbd7e86cde}</UniqueIdentifier>
    </Filter>
    <Filter Include="Script\Component\HPBar">
      <UniqueIdentifier>{42bcd175-7a48-4b76-b8b7-93798403a39d}</UniqueIdentifier>
    </Filter>
    <Filter Include="Script\Monster\Monster">
      <UniqueIdentifier>{731ca162-1c72-487d-9bbf-abc94b2e2ffe}</UniqueIdentifier>
    </Filter>
    <Filter Include="Script\Monster\Monster\SlimeHermit">
      <UniqueIdentifier>{51934dbc-49c0-479e-a08d-a35522905d79}</UniqueIdentifier>
    </Filter>
    <Filter Include="Script\Monster\Monster\Slime">
      <UniqueIdentifier>{0dba7386-2d50-4daf-9f99-8ccdde390c52}</UniqueIdentifier>
    </Filter>
    <Filter Include="Script\Monster\Monster\GolemMiniBoss">
      <UniqueIdentifier>{00a5f062-866e-4acb-8f27-865f3e4d339b}</UniqueIdentifier>
    </Filter>
    <Filter Include="Script\Monster\Monster\MiniSlime">
      <UniqueIdentifier>{75f36a86-7ef0-46c7-a3fe-c63e111a7d6a}</UniqueIdentifier>
    </Filter>
    <Filter Include="Script\Monster\Monster\GolemTurretBroken">
      <UniqueIdentifier>{12514402-4594-48f6-b510-6f4687fa44c3}</UniqueIdentifier>
    </Filter>
    <Filter Include="Script\Monster\Monster\GolemTurret">
      <UniqueIdentifier>{67b564e9-1418-408e-bade-92ab885700cf}</UniqueIdentifier>
    </Filter>
    <Filter Include="Script\Monster\Monster\Golem">
      <UniqueIdentifier>{5e1c7593-ab38-4f53-b622-1fe5003cfb34}</UniqueIdentifier>
    </Filter>
    <Filter Include="Script\Monster\Monster\FylingRepairGolem">
      <UniqueIdentifier>{0b5fb69a-c09b-4612-a9cc-afe88ff8f759}</UniqueIdentifier>
    </Filter>
    <Filter Include="Script\Component\MiniBossHPBar">
      <UniqueIdentifier>{85a3cfb6-de10-444f-a095-99fa3f57f5aa}</UniqueIdentifier>
    </Filter>
    <Filter Include="Script\Monster\Monster\GolemMiniBoss\GolemSmashWave">
      <UniqueIdentifier>{34437b92-884e-44ce-84ac-8f5c2d6d4a81}</UniqueIdentifier>
    </Filter>
    <Filter Include="Script\Player\PlayerHP">
      <UniqueIdentifier>{24643315-ce80-4297-8591-2f71e6d9e58f}</UniqueIdentifier>
    </Filter>
  </ItemGroup>
</Project>