<?xml version="1.0" encoding="utf-8"?>
<Project ToolsVersion="4.0" xmlns="http://schemas.microsoft.com/developer/msbuild/2003">
  <ItemGroup>
    <ClCompile Include="snCameraScript.cpp">
      <Filter>Script</Filter>
    </ClCompile>
    <ClCompile Include="snPlayScene.cpp">
      <Filter>Scene</Filter>
    </ClCompile>
    <ClCompile Include="SnowEngine.cpp" />
    <ClCompile Include="snGridScript.cpp">
      <Filter>Script</Filter>
    </ClCompile>
    <ClCompile Include="snPlayerMove.cpp" />
    <ClCompile Include="snDungeon.cpp">
      <Filter>Scene\Dungeon</Filter>
    </ClCompile>
    <ClCompile Include="snDungeonBoss.cpp">
      <Filter>Scene\Dungeon\Boss</Filter>
    </ClCompile>
    <ClCompile Include="snDungeonEntrance.cpp">
      <Filter>Scene\Dungeon\DungeonEntrance</Filter>
    </ClCompile>
    <ClCompile Include="snDungeonScene01.cpp">
      <Filter>Scene\Dungeon\Dungeon01</Filter>
    </ClCompile>
    <ClCompile Include="snDungeonScene02.cpp">
      <Filter>Scene\Dungeon\Dungeon02</Filter>
    </ClCompile>
    <ClCompile Include="snDungeonScene03.cpp">
      <Filter>Scene\Dungeon\Dungeon03</Filter>
    </ClCompile>
    <ClCompile Include="snShopScene.cpp">
      <Filter>Scene\Shop</Filter>
    </ClCompile>
    <ClCompile Include="snTitleScene.cpp">
      <Filter>Scene\Title</Filter>
    </ClCompile>
    <ClCompile Include="snVillageScene.cpp">
      <Filter>Scene\Village</Filter>
    </ClCompile>
  </ItemGroup>
  <ItemGroup>
    <ClInclude Include="framework.h" />
    <ClInclude Include="snCameraScript.h">
      <Filter>Script</Filter>
    </ClInclude>
    <ClInclude Include="snPlayScene.h">
      <Filter>Scene</Filter>
    </ClInclude>
    <ClInclude Include="LoadScenes.h">
      <Filter>Load</Filter>
    </ClInclude>
    <ClInclude Include="snGridScript.h">
      <Filter>Script</Filter>
    </ClInclude>
    <ClInclude Include="snPlayerMove.h" />
    <ClInclude Include="snDungeon.h">
      <Filter>Scene\Dungeon</Filter>
    </ClInclude>
    <ClInclude Include="snDungeonBoss.h">
      <Filter>Scene\Dungeon\Boss</Filter>
    </ClInclude>
    <ClInclude Include="snDungeonEntrance.h">
      <Filter>Scene\Dungeon\DungeonEntrance</Filter>
    </ClInclude>
    <ClInclude Include="snDungeonScene01.h">
      <Filter>Scene\Dungeon\Dungeon01</Filter>
    </ClInclude>
    <ClInclude Include="snDungeonScene02.h">
      <Filter>Scene\Dungeon\Dungeon02</Filter>
    </ClInclude>
    <ClInclude Include="snDungeonScene03.h">
      <Filter>Scene\Dungeon\Dungeon03</Filter>
    </ClInclude>
    <ClInclude Include="snShopScene.h">
      <Filter>Scene\Shop</Filter>
    </ClInclude>
    <ClInclude Include="snTitleScene.h">
      <Filter>Scene\Title</Filter>
    </ClInclude>
    <ClInclude Include="snVillageScene.h">
      <Filter>Scene\Village</Filter>
    </ClInclude>
  </ItemGroup>
  <ItemGroup>
    <Filter Include="Load">
      <UniqueIdentifier>{a9206780-e198-4ab7-b2c1-c3e28b19a084}</UniqueIdentifier>
    </Filter>
    <Filter Include="Scene">
      <UniqueIdentifier>{6e773809-e944-481d-b729-4078583095ae}</UniqueIdentifier>
    </Filter>
    <Filter Include="Script">
      <UniqueIdentifier>{b3fcc8aa-7452-4e05-ba0c-161bff2af79c}</UniqueIdentifier>
    </Filter>
    <Filter Include="Scene\DungeonGate">
      <UniqueIdentifier>{bb1b0220-1a0c-42db-9237-3f11606f025e}</UniqueIdentifier>
    </Filter>
    <Filter Include="Scene\Dungeon">
      <UniqueIdentifier>{97df85d2-9afb-4d61-970c-1d3799fe7ca9}</UniqueIdentifier>
    </Filter>
    <Filter Include="Scene\Shop">
      <UniqueIdentifier>{7a9c4a44-a594-4d66-a6ca-6c3bac4c5c67}</UniqueIdentifier>
    </Filter>
    <Filter Include="Scene\Title">
      <UniqueIdentifier>{0d05b0db-a5a3-442a-95fe-c0b14c316208}</UniqueIdentifier>
    </Filter>
    <Filter Include="Scene\Village">
      <UniqueIdentifier>{b24de852-73fa-4e29-807c-7b5b3eee5351}</UniqueIdentifier>
    </Filter>
    <Filter Include="Scene\Dungeon\Boss">
      <UniqueIdentifier>{18995d5d-359e-4c57-9db8-77eb0a1f86b8}</UniqueIdentifier>
    </Filter>
    <Filter Include="Scene\Dungeon\Dungeon01">
      <UniqueIdentifier>{a840ac63-2852-4127-92d0-3c35a98e84bb}</UniqueIdentifier>
    </Filter>
    <Filter Include="Scene\Dungeon\Dungeon02">
      <UniqueIdentifier>{239be687-237b-421a-972e-28b179ca8e5a}</UniqueIdentifier>
    </Filter>
    <Filter Include="Scene\Dungeon\Dungeon03">
      <UniqueIdentifier>{ff3cdc7f-9b67-429e-bbb2-0b9919b16bc1}</UniqueIdentifier>
    </Filter>
    <Filter Include="Scene\Dungeon\DungeonEntrance">
      <UniqueIdentifier>{6d9ee0f9-60a3-43f4-9380-b34b1ee83087}</UniqueIdentifier>
    </Filter>
  </ItemGroup>
</Project>