<?xml version="1.0" encoding="utf-8"?>
<Project ToolsVersion="4.0" xmlns="http://schemas.microsoft.com/developer/msbuild/2003">
  <ItemGroup>
    <Filter Include="Editor">
      <UniqueIdentifier>{bc975082-4117-4aa5-9af8-09ff5d8fa445}</UniqueIdentifier>
    </Filter>
    <Filter Include="imgui">
      <UniqueIdentifier>{d724a59e-0699-4cba-9682-24233430aec8}</UniqueIdentifier>
    </Filter>
  </ItemGroup>
  <ItemGroup>
    <ClInclude Include="$(MSBuildThisFileDirectory)guiEditor.h">
      <Filter>Editor</Filter>
    </ClInclude>
    <ClInclude Include="$(MSBuildThisFileDirectory)guiDebugObject.h" />
    <ClInclude Include="$(MSBuildThisFileDirectory)guiEditorObject.h" />
    <ClInclude Include="$(MSBuildThisFileDirectory)guiWidget.h" />
    <ClInclude Include="$(MSBuildThisFileDirectory)imconfig.h">
      <Filter>imgui</Filter>
    </ClInclude>
    <ClInclude Include="$(MSBuildThisFileDirectory)imgui.h">
      <Filter>imgui</Filter>
    </ClInclude>
    <ClInclude Include="$(MSBuildThisFileDirectory)imgui_impl_dx11.h">
      <Filter>imgui</Filter>
    </ClInclude>
    <ClInclude Include="$(MSBuildThisFileDirectory)imgui_impl_win32.h">
      <Filter>imgui</Filter>
    </ClInclude>
    <ClInclude Include="$(MSBuildThisFileDirectory)imgui_internal.h">
      <Filter>imgui</Filter>
    </ClInclude>
    <ClInclude Include="$(MSBuildThisFileDirectory)imstb_rectpack.h">
      <Filter>imgui</Filter>
    </ClInclude>
    <ClInclude Include="$(MSBuildThisFileDirectory)imstb_truetype.h">
      <Filter>imgui</Filter>
    </ClInclude>
    <ClInclude Include="$(MSBuildThisFileDirectory)imstb_textedit.h">
      <Filter>imgui</Filter>
    </ClInclude>
  </ItemGroup>
  <ItemGroup>
    <ClCompile Include="$(MSBuildThisFileDirectory)guiEditor.cpp">
      <Filter>Editor</Filter>
    </ClCompile>
    <ClCompile Include="$(MSBuildThisFileDirectory)guiDebugObject.cpp" />
    <ClCompile Include="$(MSBuildThisFileDirectory)guiEditorObject.cpp" />
    <ClCompile Include="$(MSBuildThisFileDirectory)guiWidget.cpp" />
    <ClCompile Include="$(MSBuildThisFileDirectory)imgui.cpp">
      <Filter>imgui</Filter>
    </ClCompile>
    <ClCompile Include="$(MSBuildThisFileDirectory)imgui_demo.cpp">
      <Filter>imgui</Filter>
    </ClCompile>
    <ClCompile Include="$(MSBuildThisFileDirectory)imgui_draw.cpp">
      <Filter>imgui</Filter>
    </ClCompile>
    <ClCompile Include="$(MSBuildThisFileDirectory)imgui_impl_dx11.cpp">
      <Filter>imgui</Filter>
    </ClCompile>
    <ClCompile Include="$(MSBuildThisFileDirectory)imgui_impl_win32.cpp">
      <Filter>imgui</Filter>
    </ClCompile>
    <ClCompile Include="$(MSBuildThisFileDirectory)imgui_tables.cpp">
      <Filter>imgui</Filter>
    </ClCompile>
    <ClCompile Include="$(MSBuildThisFileDirectory)imgui_widgets.cpp">
      <Filter>imgui</Filter>
    </ClCompile>
  </ItemGroup>
</Project>